
Microsoft Visual Studio Solution File, Format Version 12.00
# Visual Studio Version 17
VisualStudioVersion = 17.1.31911.260
MinimumVisualStudioVersion = 10.0.40219.1
Project("{FAE04EC0-301F-11D3-BF4B-00C04F79EFBC}") = "MinialAPI", "MinialAPI\MinialAPI.csproj", "{BDBF3EF7-F148-4E11-ABEF-CFCAA07E960B}"
EndProject
Global
	GlobalSection(SolutionConfigurationPlatforms) = preSolution
		Debug|Any CPU = Debug|Any CPU
		Release|Any CPU = Release|Any CPU
	EndGlobalSection
	GlobalSection(ProjectConfigurationPlatforms) = postSolution
		{BDBF3EF7-F148-4E11-ABEF-CFCAA07E960B}.Debug|Any CPU.ActiveCfg = Debug|Any CPU
		{BDBF3EF7-F148-4E11-ABEF-CFCAA07E960B}.Debug|Any CPU.Build.0 = Debug|Any CPU
		{BDBF3EF7-F148-4E11-ABEF-CFCAA07E960B}.Release|Any CPU.ActiveCfg = Release|Any CPU
		{BDBF3EF7-F148-4E11-ABEF-CFCAA07E960B}.Release|Any CPU.Build.0 = Release|Any CPU
	EndGlobalSection
	GlobalSection(SolutionProperties) = preSolution
		HideSolutionNode = FALSE
	EndGlobalSection
	GlobalSection(ExtensibilityGlobals) = postSolution
		SolutionGuid = {C0DDA107-BD8F-4D63-8343-D4D5000E35EF}
	EndGlobalSection
EndGlobal
